// !$*UTF8*$!
{
	archiveVersion = 1;
	classes = {
	};
	objectVersion = 46;
	objects = {

/* Begin PBXBuildFile section */
		FCA1565CB6D7266CAD95108F /* ViewController.swift in Sources */ = {isa = PBXBuildFile; fileRef = FCA150F1F2470538BE2FDC23 /* ViewController.swift */; };
		FCA15783C90C71BD0CE5B1F6 /* LaunchScreen.storyboard in Resources */ = {isa = PBXBuildFile; fileRef = FCA1552CDAF8A3BE2A1B41E6 /* LaunchScreen.storyboard */; };
		FCA15ACB413636FD31E7D19B /* AppDelegate.swift in Sources */ = {isa = PBXBuildFile; fileRef = FCA155796CE233DEA83A0C1E /* AppDelegate.swift */; };
		FCA15B60CDA67B25CE3E4D90 /* Assets.xcassets in Resources */ = {isa = PBXBuildFile; fileRef = FCA150D5D3058E4760AFCC3B /* Assets.xcassets */; };
		FCA15BE02C19A4114B06CCCD /* Main.storyboard in Resources */ = {isa = PBXBuildFile; fileRef = FCA15DFD793043D793795BFC /* Main.storyboard */; };
/* End PBXBuildFile section */

/* Begin PBXFileReference section */
		FCA150D5D3058E4760AFCC3B /* Assets.xcassets */ = {isa = PBXFileReference; lastKnownFileType = folder.assetcatalog; path = Assets.xcassets; sourceTree = "<group>"; };
		FCA150F1F2470538BE2FDC23 /* ViewController.swift */ = {isa = PBXFileReference; lastKnownFileType = sourcecode.swift; path = ViewController.swift; sourceTree = "<group>"; };
		FCA15375AF411EBB2FC76432 /* Base */ = {isa = PBXFileReference; lastKnownFileType = file.storyboard; name = Base; path = Base.lproj/Main.storyboard; sourceTree = "<group>"; };
		FCA155796CE233DEA83A0C1E /* AppDelegate.swift */ = {isa = PBXFileReference; lastKnownFileType = sourcecode.swift; path = AppDelegate.swift; sourceTree = "<group>"; };
		FCA15A6793FDC9FD23849561 /* Base */ = {isa = PBXFileReference; lastKnownFileType = file.storyboard; name = Base; path = Base.lproj/LaunchScreen.storyboard; sourceTree = "<group>"; };
		FCA15CF23EA2AE99B05FD7EA /* TableHeaderView_Leon.app */ = {isa = PBXFileReference; explicitFileType = wrapper.application; includeInIndex = 0; path = TableHeaderView_Leon.app; sourceTree = BUILT_PRODUCTS_DIR; };
		FCA15FA5FBBDEC48CF691AD9 /* Info.plist */ = {isa = PBXFileReference; lastKnownFileType = text.plist.info; path = Info.plist; sourceTree = "<group>"; };
/* End PBXFileReference section */

/* Begin PBXFrameworksBuildPhase section */
		FCA1575BE909F4BD0159019F /* Frameworks */ = {
			isa = PBXFrameworksBuildPhase;
			buildActionMask = 2147483647;
			files = (
			);
			runOnlyForDeploymentPostprocessing = 0;
		};
/* End PBXFrameworksBuildPhase section */

/* Begin PBXGroup section */
		FCA1567DC214D3DBE1A734BF = {
			isa = PBXGroup;
			children = (
				FCA15BC4CCC2B47EEF433535 /* Products */,
				FCA15F4F03A2A989BBC8EBBB /* TableHeaderView_Leon */,
			);
			sourceTree = "<group>";
		};
		FCA15BC4CCC2B47EEF433535 /* Products */ = {
			isa = PBXGroup;
			children = (
				FCA15CF23EA2AE99B05FD7EA /* TableHeaderView_Leon.app */,
			);
			name = Products;
			sourceTree = "<group>";
		};
		FCA15F4F03A2A989BBC8EBBB /* TableHeaderView_Leon */ = {
			isa = PBXGroup;
			children = (
				FCA15FA5FBBDEC48CF691AD9 /* Info.plist */,
				FCA150D5D3058E4760AFCC3B /* Assets.xcassets */,
				FCA1552CDAF8A3BE2A1B41E6 /* LaunchScreen.storyboard */,
				FCA155796CE233DEA83A0C1E /* AppDelegate.swift */,
				FCA15DFD793043D793795BFC /* Main.storyboard */,
				FCA150F1F2470538BE2FDC23 /* ViewController.swift */,
			);
			path = TableHeaderView_Leon;
			sourceTree = "<group>";
		};
/* End PBXGroup section */

/* Begin PBXNativeTarget section */
		FCA1544E505B0731B8BA9381 /* TableHeaderView_Leon */ = {
			isa = PBXNativeTarget;
			buildConfigurationList = FCA151E80B82B1892A18072F /* Build configuration list for PBXNativeTarget "TableHeaderView_Leon" */;
			buildPhases = (
				FCA152F3AAE310DFE0510550 /* Sources */,
				FCA1575BE909F4BD0159019F /* Frameworks */,
				FCA155EEFCB6A636095D4217 /* Resources */,
			);
			buildRules = (
			);
			dependencies = (
			);
			name = TableHeaderView_Leon;
			productName = TableHeaderView_Leon;
			productReference = FCA15CF23EA2AE99B05FD7EA /* TableHeaderView_Leon.app */;
			productType = "com.apple.product-type.application";
		};
/* End PBXNativeTarget section */

/* Begin PBXProject section */
		FCA15500597276F9C3B3621E /* Project object */ = {
			isa = PBXProject;
			attributes = {
				ORGANIZATIONNAME = clem;
				TargetAttributes = {
					FCA1544E505B0731B8BA9381 = {
						DevelopmentTeam = FCKB72E74L;
					};
				};
			};
			buildConfigurationList = FCA151DE1474A94990767575 /* Build configuration list for PBXProject "TableHeaderView_Leon" */;
			compatibilityVersion = "Xcode 3.2";
			developmentRegion = English;
			hasScannedForEncodings = 0;
			knownRegions = (
				en,
			);
			mainGroup = FCA1567DC214D3DBE1A734BF;
			productRefGroup = FCA15BC4CCC2B47EEF433535 /* Products */;
			projectDirPath = "";
			projectRoot = "";
			targets = (
				FCA1544E505B0731B8BA9381 /* TableHeaderView_Leon */,
			);
		};
/* End PBXProject section */

/* Begin PBXResourcesBuildPhase section */
		FCA155EEFCB6A636095D4217 /* Resources */ = {
			isa = PBXResourcesBuildPhase;
			buildActionMask = 2147483647;
			files = (
				FCA15B60CDA67B25CE3E4D90 /* Assets.xcassets in Resources */,
				FCA15783C90C71BD0CE5B1F6 /* LaunchScreen.storyboard in Resources */,
				FCA15BE02C19A4114B06CCCD /* Main.storyboard in Resources */,
			);
			runOnlyForDeploymentPostprocessing = 0;
		};
/* End PBXResourcesBuildPhase section */

/* Begin PBXSourcesBuildPhase section */
		FCA152F3AAE310DFE0510550 /* Sources */ = {
			isa = PBXSourcesBuildPhase;
			buildActionMask = 2147483647;
			files = (
				FCA15ACB413636FD31E7D19B /* AppDelegate.swift in Sources */,
				FCA1565CB6D7266CAD95108F /* ViewController.swift in Sources */,
			);
			runOnlyForDeploymentPostprocessing = 0;
		};
/* End PBXSourcesBuildPhase section */

/* Begin PBXVariantGroup section */
		FCA1552CDAF8A3BE2A1B41E6 /* LaunchScreen.storyboard */ = {
			isa = PBXVariantGroup;
			children = (
				FCA15A6793FDC9FD23849561 /* Base */,
			);
			name = LaunchScreen.storyboard;
			sourceTree = "<group>";
		};
		FCA15DFD793043D793795BFC /* Main.storyboard */ = {
			isa = PBXVariantGroup;
			children = (
				FCA15375AF411EBB2FC76432 /* Base */,
			);
			name = Main.storyboard;
			sourceTree = "<group>";
		};
/* End PBXVariantGroup section */

/* Begin XCBuildConfiguration section */
		FCA157AA871E66891067CB56 /* Release */ = {
			isa = XCBuildConfiguration;
			buildSettings = {
				ASSETCATALOG_COMPILER_APPICON_NAME = AppIcon;
				DEVELOPMENT_TEAM = FCKB72E74L;
				INFOPLIST_FILE = TableHeaderView_Leon/Info.plist;
				LD_RUNPATH_SEARCH_PATHS = "$(inherited) @executable_path/Frameworks";
				PRODUCT_BUNDLE_IDENTIFIER = "com.clem.www.TableHeaderView-Leon";
				PRODUCT_NAME = "$(TARGET_NAME)";
				SWIFT_VERSION = 3.1;
			};
			name = Release;
		};
		FCA157C813D9614F3FC7C7DA /* Debug */ = {
			isa = XCBuildConfiguration;
			buildSettings = {
				ASSETCATALOG_COMPILER_APPICON_NAME = AppIcon;
				DEVELOPMENT_TEAM = FCKB72E74L;
				INFOPLIST_FILE = TableHeaderView_Leon/Info.plist;
				LD_RUNPATH_SEARCH_PATHS = "$(inherited) @executable_path/Frameworks";
				PRODUCT_BUNDLE_IDENTIFIER = "com.clem.www.TableHeaderView-Leon";
				PRODUCT_NAME = "$(TARGET_NAME)";
				SWIFT_VERSION = 3.1;
			};
			name = Debug;
		};
		FCA159CE733D9296E6B584CB /* Release */ = {
			isa = XCBuildConfiguration;
			buildSettings = {
				ALWAYS_SEARCH_USER_PATHS = NO;
				CLANG_ANALYZER_NONNULL = YES;
				CLANG_ANALYZER_NUMBER_OBJECT_CONVERSION = YES_AGGRESSIVE;
				CLANG_CXX_LANGUAGE_STANDARD = "gnu++0x";
				CLANG_CXX_LIBRARY = "libc++";
				CLANG_ENABLE_MODULES = YES;
				CLANG_ENABLE_OBJC_ARC = YES;
				CLANG_WARN_BOOL_CONVERSION = YES;
				CLANG_WARN_CONSTANT_CONVERSION = YES;
				CLANG_WARN_DIRECT_OBJC_ISA_USAGE = YES_ERROR;
				CLANG_WARN_DOCUMENTATION_COMMENTS = YES;
				CLANG_WARN_EMPTY_BODY = YES;
				CLANG_WARN_ENUM_CONVERSION = YES;
				CLANG_WARN_INFINITE_RECURSION = YES;
				CLANG_WARN_INT_CONVERSION = YES;
				CLANG_WARN_OBJC_ROOT_CLASS = YES_ERROR;
				CLANG_WARN_SUSPICIOUS_MOVE = YES;
				CLANG_WARN_UNREACHABLE_CODE = YES;
				CLANG_WARN__DUPLICATE_METHOD_MATCH = YES;
				"CODE_SIGN_IDENTITY[sdk=iphoneos*]" = "iPhone Developer";
				COPY_PHASE_STRIP = NO;
				DEBUG_INFORMATION_FORMAT = "dwarf-with-dsym";
				ENABLE_NS_ASSERTIONS = NO;
				ENABLE_STRICT_OBJC_MSGSEND = YES;
				GCC_C_LANGUAGE_STANDARD = gnu99;
				GCC_NO_COMMON_BLOCKS = YES;
				GCC_WARN_64_TO_32_BIT_CONVERSION = YES;
				GCC_WARN_ABOUT_RETURN_TYPE = YES_ERROR;
				GCC_WARN_UNDECLARED_SELECTOR = YES;
				GCC_WARN_UNINITIALIZED_AUTOS = YES_AGGRESSIVE;
				GCC_WARN_UNUSED_FUNCTION = YES;
				GCC_WARN_UNUSED_VARIABLE = YES;
				IPHONEOS_DEPLOYMENT_TARGET = 10.3;
				MTL_ENABLE_DEBUG_INFO = NO;
				SDKROOT = iphoneos;
				SWIFT_OPTIMIZATION_LEVEL = "-Owholemodule";
				TARGETED_DEVICE_FAMILY = "1,2";
				VALIDATE_PRODUCT = YES;
			};
			name = Release;
		};
		FCA15EAF6CBBEA93A37DF155 /* Debug */ = {
			isa = XCBuildConfiguration;
			buildSettings = {
				ALWAYS_SEARCH_USER_PATHS = NO;
				CLANG_ANALYZER_NONNULL = YES;
				CLANG_ANALYZER_NUMBER_OBJECT_CONVERSION = YES_AGGRESSIVE;
				CLANG_CXX_LANGUAGE_STANDARD = "gnu++0x";
				CLANG_CXX_LIBRARY = "libc++";
				CLANG_ENABLE_MODULES = YES;
				CLANG_ENABLE_OBJC_ARC = YES;
				CLANG_WARN_BOOL_CONVERSION = YES;
				CLANG_WARN_CONSTANT_CONVERSION = YES;
				CLANG_WARN_DIRECT_OBJC_ISA_USAGE = YES_ERROR;
				CLANG_WARN_DOCUMENTATION_COMMENTS = YES;
				CLANG_WARN_EMPTY_BODY = YES;
				CLANG_WARN_ENUM_CONVERSION = YES;
				CLANG_WARN_INFINITE_RECURSION = YES;
				CLANG_WARN_INT_CONVERSION = YES;
				CLANG_WARN_OBJC_ROOT_CLASS = YES_ERROR;
				CLANG_WARN_SUSPICIOUS_MOVE = YES;
				CLANG_WARN_UNREACHABLE_CODE = YES;
				CLANG_WARN__DUPLICATE_METHOD_MATCH = YES;
				"CODE_SIGN_IDENTITY[sdk=iphoneos*]" = "iPhone Developer";
				COPY_PHASE_STRIP = NO;
				DEBUG_INFORMATION_FORMAT = dwarf;
				ENABLE_STRICT_OBJC_MSGSEND = YES;
				ENABLE_TESTABILITY = YES;
				GCC_C_LANGUAGE_STANDARD = gnu99;
				GCC_DYNAMIC_NO_PIC = NO;
				GCC_NO_COMMON_BLOCKS = YES;
				GCC_OPTIMIZATION_LEVEL = 0;
				GCC_PREPROCESSOR_DEFINITIONS = (
					"DEBUG=1",
					"$(inherited)",
				);
				GCC_WARN_64_TO_32_BIT_CONVERSION = YES;
				GCC_WARN_ABOUT_RETURN_TYPE = YES_ERROR;
				GCC_WARN_UNDECLARED_SELECTOR = YES;
				GCC_WARN_UNINITIALIZED_AUTOS = YES_AGGRESSIVE;
				GCC_WARN_UNUSED_FUNCTION = YES;
				GCC_WARN_UNUSED_VARIABLE = YES;
				IPHONEOS_DEPLOYMENT_TARGET = 10.3;
				MTL_ENABLE_DEBUG_INFO = YES;
				ONLY_ACTIVE_ARCH = YES;
				SDKROOT = iphoneos;
				SWIFT_ACTIVE_COMPILATION_CONDITIONS = DEBUG;
				SWIFT_OPTIMIZATION_LEVEL = "-Onone";
				TARGETED_DEVICE_FAMILY = "1,2";
			};
			name = Debug;
		};
/* End XCBuildConfiguration section */

/* Begin XCConfigurationList section */
		FCA151DE1474A94990767575 /* Build configuration list for PBXProject "TableHeaderView_Leon" */ = {
			isa = XCConfigurationList;
			buildConfigurations = (
				FCA15EAF6CBBEA93A37DF155 /* Debug */,
				FCA159CE733D9296E6B584CB /* Release */,
			);
			defaultConfigurationIsVisible = 0;
			defaultConfigurationName = Release;
		};
		FCA151E80B82B1892A18072F /* Build configuration list for PBXNativeTarget "TableHeaderView_Leon" */ = {
			isa = XCConfigurationList;
			buildConfigurations = (
				FCA157C813D9614F3FC7C7DA /* Debug */,
				FCA157AA871E66891067CB56 /* Release */,
			);
			defaultConfigurationIsVisible = 0;
			defaultConfigurationName = Release;
		};
/* End XCConfigurationList section */
	};
	rootObject = FCA15500597276F9C3B3621E /* Project object */;
}
